// !$*UTF8*$!
{
	archiveVersion = 1;
	classes = {
	};
	objectVersion = 46;
	objects = {

/* Begin PBXBuildFile section */
		A0E3B50C7765748F3AA66CC7 /* Pods_SlowIntegration.framework in Frameworks */ = {isa = PBXBuildFile; fileRef = 9DEDAFC0C038E8D5023DFB82 /* Pods_SlowIntegration.framework */; };
		B5CA1DE91D189A4400BC6F5A /* AppDelegate.swift in Sources */ = {isa = PBXBuildFile; fileRef = B5CA1DE81D189A4400BC6F5A /* AppDelegate.swift */; };
		B5CA1DEB1D189A4400BC6F5A /* ViewController.swift in Sources */ = {isa = PBXBuildFile; fileRef = B5CA1DEA1D189A4400BC6F5A /* ViewController.swift */; };
		B5CA1DEE1D189A4400BC6F5A /* Main.storyboard in Resources */ = {isa = PBXBuildFile; fileRef = B5CA1DEC1D189A4400BC6F5A /* Main.storyboard */; };
		B5CA1DF01D189A4400BC6F5A /* Assets.xcassets in Resources */ = {isa = PBXBuildFile; fileRef = B5CA1DEF1D189A4400BC6F5A /* Assets.xcassets */; };
		B5CA1DF31D189A4400BC6F5A /* LaunchScreen.storyboard in Resources */ = {isa = PBXBuildFile; fileRef = B5CA1DF11D189A4400BC6F5A /* LaunchScreen.storyboard */; };
/* End PBXBuildFile section */

/* Begin PBXFileReference section */
		9DEDAFC0C038E8D5023DFB82 /* Pods_SlowIntegration.framework */ = {isa = PBXFileReference; explicitFileType = wrapper.framework; includeInIndex = 0; path = Pods_SlowIntegration.framework; sourceTree = BUILT_PRODUCTS_DIR; };
		B5CA1DE51D189A4400BC6F5A /* SlowIntegration.app */ = {isa = PBXFileReference; explicitFileType = wrapper.application; includeInIndex = 0; path = SlowIntegration.app; sourceTree = BUILT_PRODUCTS_DIR; };
		B5CA1DE81D189A4400BC6F5A /* AppDelegate.swift */ = {isa = PBXFileReference; lastKnownFileType = sourcecode.swift; path = AppDelegate.swift; sourceTree = "<group>"; };
		B5CA1DEA1D189A4400BC6F5A /* ViewController.swift */ = {isa = PBXFileReference; lastKnownFileType = sourcecode.swift; path = ViewController.swift; sourceTree = "<group>"; };
		B5CA1DED1D189A4400BC6F5A /* Base */ = {isa = PBXFileReference; lastKnownFileType = file.storyboard; name = Base; path = Base.lproj/Main.storyboard; sourceTree = "<group>"; };
		B5CA1DEF1D189A4400BC6F5A /* Assets.xcassets */ = {isa = PBXFileReference; lastKnownFileType = folder.assetcatalog; path = Assets.xcassets; sourceTree = "<group>"; };
		B5CA1DF21D189A4400BC6F5A /* Base */ = {isa = PBXFileReference; lastKnownFileType = file.storyboard; name = Base; path = Base.lproj/LaunchScreen.storyboard; sourceTree = "<group>"; };
		B5CA1DF41D189A4400BC6F5A /* Info.plist */ = {isa = PBXFileReference; lastKnownFileType = text.plist.xml; path = Info.plist; sourceTree = "<group>"; };
		EF59526DFFB0D517CA1B1634 /* Pods-SlowIntegration.release.xcconfig */ = {isa = PBXFileReference; includeInIndex = 1; lastKnownFileType = text.xcconfig; name = "Pods-SlowIntegration.release.xcconfig"; path = "Pods/Target Support Files/Pods-SlowIntegration/Pods-SlowIntegration.release.xcconfig"; sourceTree = "<group>"; };
		F9649A6AE4B9DB5FDDDF7612 /* Pods-SlowIntegration.debug.xcconfig */ = {isa = PBXFileReference; includeInIndex = 1; lastKnownFileType = text.xcconfig; name = "Pods-SlowIntegration.debug.xcconfig"; path = "Pods/Target Support Files/Pods-SlowIntegration/Pods-SlowIntegration.debug.xcconfig"; sourceTree = "<group>"; };
/* End PBXFileReference section */

/* Begin PBXFrameworksBuildPhase section */
		B5CA1DE21D189A4400BC6F5A /* Frameworks */ = {
			isa = PBXFrameworksBuildPhase;
			buildActionMask = 2147483647;
			files = (
				A0E3B50C7765748F3AA66CC7 /* Pods_SlowIntegration.framework in Frameworks */,
			);
			runOnlyForDeploymentPostprocessing = 0;
		};
/* End PBXFrameworksBuildPhase section */

/* Begin PBXGroup section */
		44436F048954DF40CA8D8946 /* Frameworks */ = {
			isa = PBXGroup;
			children = (
				9DEDAFC0C038E8D5023DFB82 /* Pods_SlowIntegration.framework */,
			);
			name = Frameworks;
			sourceTree = "<group>";
		};
		8AE968C904B65039C0CC187E /* Pods */ = {
			isa = PBXGroup;
			children = (
				F9649A6AE4B9DB5FDDDF7612 /* Pods-SlowIntegration.debug.xcconfig */,
				EF59526DFFB0D517CA1B1634 /* Pods-SlowIntegration.release.xcconfig */,
			);
			name = Pods;
			sourceTree = "<group>";
		};
		B5CA1DDC1D189A4400BC6F5A = {
			isa = PBXGroup;
			children = (
				B5CA1DE71D189A4400BC6F5A /* SlowIntegration */,
				B5CA1DE61D189A4400BC6F5A /* Products */,
				8AE968C904B65039C0CC187E /* Pods */,
				44436F048954DF40CA8D8946 /* Frameworks */,
			);
			sourceTree = "<group>";
		};
		B5CA1DE61D189A4400BC6F5A /* Products */ = {
			isa = PBXGroup;
			children = (
				B5CA1DE51D189A4400BC6F5A /* SlowIntegration.app */,
			);
			name = Products;
			sourceTree = "<group>";
		};
		B5CA1DE71D189A4400BC6F5A /* SlowIntegration */ = {
			isa = PBXGroup;
			children = (
				B5CA1DE81D189A4400BC6F5A /* AppDelegate.swift */,
				B5CA1DEA1D189A4400BC6F5A /* ViewController.swift */,
				B5CA1DEC1D189A4400BC6F5A /* Main.storyboard */,
				B5CA1DEF1D189A4400BC6F5A /* Assets.xcassets */,
				B5CA1DF11D189A4400BC6F5A /* LaunchScreen.storyboard */,
				B5CA1DF41D189A4400BC6F5A /* Info.plist */,
			);
			path = SlowIntegration;
			sourceTree = "<group>";
		};
/* End PBXGroup section */

/* Begin PBXNativeTarget section */
		B5CA1DE41D189A4400BC6F5A /* SlowIntegration */ = {
			isa = PBXNativeTarget;
			buildConfigurationList = B5CA1DF71D189A4400BC6F5A /* Build configuration list for PBXNativeTarget "SlowIntegration" */;
			buildPhases = (
				6A72D576B1F9AFB2D85B89C5 /* [CP] Check Pods Manifest.lock */,
				B5CA1DE11D189A4400BC6F5A /* Sources */,
				B5CA1DE21D189A4400BC6F5A /* Frameworks */,
				B5CA1DE31D189A4400BC6F5A /* Resources */,
				126F9654EB601DB8E941F79E /* [CP] Embed Pods Frameworks */,
				2A1D6CC044A913F397B273E4 /* [CP] Copy Pods Resources */,
			);
			buildRules = (
			);
			dependencies = (
			);
			name = SlowIntegration;
			productName = SlowIntegration;
			productReference = B5CA1DE51D189A4400BC6F5A /* SlowIntegration.app */;
			productType = "com.apple.product-type.application";
		};
/* End PBXNativeTarget section */

/* Begin PBXProject section */
		B5CA1DDD1D189A4400BC6F5A /* Project object */ = {
			isa = PBXProject;
			attributes = {
				LastSwiftUpdateCheck = 0730;
				LastUpgradeCheck = 0730;
				ORGANIZATIONNAME = "WillowTree, Inc.";
				TargetAttributes = {
					B5CA1DE41D189A4400BC6F5A = {
						CreatedOnToolsVersion = 7.3.1;
					};
				};
			};
			buildConfigurationList = B5CA1DE01D189A4400BC6F5A /* Build configuration list for PBXProject "SlowIntegration" */;
			compatibilityVersion = "Xcode 3.2";
			developmentRegion = English;
			hasScannedForEncodings = 0;
			knownRegions = (
				en,
				Base,
			);
			mainGroup = B5CA1DDC1D189A4400BC6F5A;
			productRefGroup = B5CA1DE61D189A4400BC6F5A /* Products */;
			projectDirPath = "";
			projectRoot = "";
			targets = (
				B5CA1DE41D189A4400BC6F5A /* SlowIntegration */,
			);
		};
/* End PBXProject section */

/* Begin PBXResourcesBuildPhase section */
		B5CA1DE31D189A4400BC6F5A /* Resources */ = {
			isa = PBXResourcesBuildPhase;
			buildActionMask = 2147483647;
			files = (
				B5CA1DF31D189A4400BC6F5A /* LaunchScreen.storyboard in Resources */,
				B5CA1DF01D189A4400BC6F5A /* Assets.xcassets in Resources */,
				B5CA1DEE1D189A4400BC6F5A /* Main.storyboard in Resources */,
			);
			runOnlyForDeploymentPostprocessing = 0;
		};
/* End PBXResourcesBuildPhase section */

/* Begin PBXShellScriptBuildPhase section */
		126F9654EB601DB8E941F79E /* [CP] Embed Pods Frameworks */ = {
			isa = PBXShellScriptBuildPhase;
			buildActionMask = 2147483647;
			files = (
			);
			inputPaths = (
			);
			name = "[CP] Embed Pods Frameworks";
			outputPaths = (
			);
			runOnlyForDeploymentPostprocessing = 0;
			shellPath = /bin/sh;
			shellScript = "\"${SRCROOT}/Pods/Target Support Files/Pods-SlowIntegration/Pods-SlowIntegration-frameworks.sh\"\n";
			showEnvVarsInLog = 0;
		};
		2A1D6CC044A913F397B273E4 /* [CP] Copy Pods Resources */ = {
			isa = PBXShellScriptBuildPhase;
			buildActionMask = 2147483647;
			files = (
			);
			inputPaths = (
			);
			name = "[CP] Copy Pods Resources";
			outputPaths = (
			);
			runOnlyForDeploymentPostprocessing = 0;
			shellPath = /bin/sh;
			shellScript = "\"${SRCROOT}/Pods/Target Support Files/Pods-SlowIntegration/Pods-SlowIntegration-resources.sh\"\n";
			showEnvVarsInLog = 0;
		};
		6A72D576B1F9AFB2D85B89C5 /* [CP] Check Pods Manifest.lock */ = {
			isa = PBXShellScriptBuildPhase;
			buildActionMask = 2147483647;
			files = (
			);
			inputPaths = (
			);
			name = "[CP] Check Pods Manifest.lock";
			outputPaths = (
			);
			runOnlyForDeploymentPostprocessing = 0;
			shellPath = /bin/sh;
			shellScript = "diff \"${PODS_ROOT}/../Podfile.lock\" \"${PODS_ROOT}/Manifest.lock\" > /dev/null\nif [[ $? != 0 ]] ; then\n    cat << EOM\nerror: The sandbox is not in sync with the Podfile.lock. Run 'pod install' or update your CocoaPods installation.\nEOM\n    exit 1\nfi\n";
			showEnvVarsInLog = 0;
		};
/* End PBXShellScriptBuildPhase section */

/* Begin PBXSourcesBuildPhase section */
		B5CA1DE11D189A4400BC6F5A /* Sources */ = {
			isa = PBXSourcesBuildPhase;
			buildActionMask = 2147483647;
			files = (
				B5CA1DEB1D189A4400BC6F5A /* ViewController.swift in Sources */,
				B5CA1DE91D189A4400BC6F5A /* AppDelegate.swift in Sources */,
			);
			runOnlyForDeploymentPostprocessing = 0;
		};
/* End PBXSourcesBuildPhase section */

/* Begin PBXVariantGroup section */
		B5CA1DEC1D189A4400BC6F5A /* Main.storyboard */ = {
			isa = PBXVariantGroup;
			children = (
				B5CA1DED1D189A4400BC6F5A /* Base */,
			);
			name = Main.storyboard;
			sourceTree = "<group>";
		};
		B5CA1DF11D189A4400BC6F5A /* LaunchScreen.storyboard */ = {
			isa = PBXVariantGroup;
			children = (
				B5CA1DF21D189A4400BC6F5A /* Base */,
			);
			name = LaunchScreen.storyboard;
			sourceTree = "<group>";
		};
/* End PBXVariantGroup section */

/* Begin XCBuildConfiguration section */
		B5CA1DF51D189A4400BC6F5A /* Debug */ = {
			isa = XCBuildConfiguration;
			buildSettings = {
				ALWAYS_SEARCH_USER_PATHS = NO;
				CLANG_ANALYZER_NONNULL = YES;
				CLANG_CXX_LANGUAGE_STANDARD = "gnu++0x";
				CLANG_CXX_LIBRARY = "libc++";
				CLANG_ENABLE_MODULES = YES;
				CLANG_ENABLE_OBJC_ARC = YES;
				CLANG_WARN_BOOL_CONVERSION = YES;
				CLANG_WARN_CONSTANT_CONVERSION = YES;
				CLANG_WARN_DIRECT_OBJC_ISA_USAGE = YES_ERROR;
				CLANG_WARN_EMPTY_BODY = YES;
				CLANG_WARN_ENUM_CONVERSION = YES;
				CLANG_WARN_INT_CONVERSION = YES;
				CLANG_WARN_OBJC_ROOT_CLASS = YES_ERROR;
				CLANG_WARN_UNREACHABLE_CODE = YES;
				CLANG_WARN__DUPLICATE_METHOD_MATCH = YES;
				"CODE_SIGN_IDENTITY[sdk=iphoneos*]" = "iPhone Developer";
				COPY_PHASE_STRIP = NO;
				DEBUG_INFORMATION_FORMAT = dwarf;
				ENABLE_STRICT_OBJC_MSGSEND = YES;
				ENABLE_TESTABILITY = YES;
				GCC_C_LANGUAGE_STANDARD = gnu99;
				GCC_DYNAMIC_NO_PIC = NO;
				GCC_NO_COMMON_BLOCKS = YES;
				GCC_OPTIMIZATION_LEVEL = 0;
				GCC_PREPROCESSOR_DEFINITIONS = (
					"DEBUG=1",
					"$(inherited)",
				);
				GCC_WARN_64_TO_32_BIT_CONVERSION = YES;
				GCC_WARN_ABOUT_RETURN_TYPE = YES_ERROR;
				GCC_WARN_UNDECLARED_SELECTOR = YES;
				GCC_WARN_UNINITIALIZED_AUTOS = YES_AGGRESSIVE;
				GCC_WARN_UNUSED_FUNCTION = YES;
				GCC_WARN_UNUSED_VARIABLE = YES;
				IPHONEOS_DEPLOYMENT_TARGET = 9.3;
				MTL_ENABLE_DEBUG_INFO = YES;
				ONLY_ACTIVE_ARCH = YES;
				SDKROOT = iphoneos;
				SWIFT_OPTIMIZATION_LEVEL = "-Onone";
			};
			name = Debug;
		};
		B5CA1DF61D189A4400BC6F5A /* Release */ = {
			isa = XCBuildConfiguration;
			buildSettings = {
				ALWAYS_SEARCH_USER_PATHS = NO;
				CLANG_ANALYZER_NONNULL = YES;
				CLANG_CXX_LANGUAGE_STANDARD = "gnu++0x";
				CLANG_CXX_LIBRARY = "libc++";
				CLANG_ENABLE_MODULES = YES;
				CLANG_ENABLE_OBJC_ARC = YES;
				CLANG_WARN_BOOL_CONVERSION = YES;
				CLANG_WARN_CONSTANT_CONVERSION = YES;
				CLANG_WARN_DIRECT_OBJC_ISA_USAGE = YES_ERROR;
				CLANG_WARN_EMPTY_BODY = YES;
				CLANG_WARN_ENUM_CONVERSION = YES;
				CLANG_WARN_INT_CONVERSION = YES;
				CLANG_WARN_OBJC_ROOT_CLASS = YES_ERROR;
				CLANG_WARN_UNREACHABLE_CODE = YES;
				CLANG_WARN__DUPLICATE_METHOD_MATCH = YES;
				"CODE_SIGN_IDENTITY[sdk=iphoneos*]" = "iPhone Developer";
				COPY_PHASE_STRIP = NO;
				DEBUG_INFORMATION_FORMAT = "dwarf-with-dsym";
				ENABLE_NS_ASSERTIONS = NO;
				ENABLE_STRICT_OBJC_MSGSEND = YES;
				GCC_C_LANGUAGE_STANDARD = gnu99;
				GCC_NO_COMMON_BLOCKS = YES;
				GCC_WARN_64_TO_32_BIT_CONVERSION = YES;
				GCC_WARN_ABOUT_RETURN_TYPE = YES_ERROR;
				GCC_WARN_UNDECLARED_SELECTOR = YES;
				GCC_WARN_UNINITIALIZED_AUTOS = YES_AGGRESSIVE;
				GCC_WARN_UNUSED_FUNCTION = YES;
				GCC_WARN_UNUSED_VARIABLE = YES;
				IPHONEOS_DEPLOYMENT_TARGET = 9.3;
				MTL_ENABLE_DEBUG_INFO = NO;
				SDKROOT = iphoneos;
				VALIDATE_PRODUCT = YES;
			};
			name = Release;
		};
		B5CA1DF81D189A4400BC6F5A /* Debug */ = {
			isa = XCBuildConfiguration;
			baseConfigurationReference = F9649A6AE4B9DB5FDDDF7612 /* Pods-SlowIntegration.debug.xcconfig */;
			buildSettings = {
				ASSETCATALOG_COMPILER_APPICON_NAME = AppIcon;
				INFOPLIST_FILE = SlowIntegration/Info.plist;
				LD_RUNPATH_SEARCH_PATHS = "$(inherited) @executable_path/Frameworks";
				PRODUCT_BUNDLE_IDENTIFIER = com.willowtreeapps.SlowIntegration;
				PRODUCT_NAME = "$(TARGET_NAME)";
			};
			name = Debug;
		};
		B5CA1DF91D189A4400BC6F5A /* Release */ = {
			isa = XCBuildConfiguration;
			baseConfigurationReference = EF59526DFFB0D517CA1B1634 /* Pods-SlowIntegration.release.xcconfig */;
			buildSettings = {
				ASSETCATALOG_COMPILER_APPICON_NAME = AppIcon;
				INFOPLIST_FILE = SlowIntegration/Info.plist;
				LD_RUNPATH_SEARCH_PATHS = "$(inherited) @executable_path/Frameworks";
				PRODUCT_BUNDLE_IDENTIFIER = com.willowtreeapps.SlowIntegration;
				PRODUCT_NAME = "$(TARGET_NAME)";
			};
			name = Release;
		};
/* End XCBuildConfiguration section */

/* Begin XCConfigurationList section */
		B5CA1DE01D189A4400BC6F5A /* Build configuration list for PBXProject "SlowIntegration" */ = {
			isa = XCConfigurationList;
			buildConfigurations = (
				B5CA1DF51D189A4400BC6F5A /* Debug */,
				B5CA1DF61D189A4400BC6F5A /* Release */,
			);
			defaultConfigurationIsVisible = 0;
			defaultConfigurationName = Release;
		};
		B5CA1DF71D189A4400BC6F5A /* Build configuration list for PBXNativeTarget "SlowIntegration" */ = {
			isa = XCConfigurationList;
			buildConfigurations = (
				B5CA1DF81D189A4400BC6F5A /* Debug */,
				B5CA1DF91D189A4400BC6F5A /* Release */,
			);
			defaultConfigurationIsVisible = 0;
			defaultConfigurationName = Release;
		};
/* End XCConfigurationList section */
	};
	rootObject = B5CA1DDD1D189A4400BC6F5A /* Project object */;
}
